
Microsoft Visual Studio Solution File, Format Version 12.00
# Visual Studio 15
VisualStudioVersion = 15.0.28307.168
MinimumVisualStudioVersion = 10.0.40219.1
Project("{FAE04EC0-301F-11D3-BF4B-00C04F79EFBC}") = "Azure.Queue.Producer", "Azure.Queue.Producer\Azure.Queue.Producer.csproj", "{10634990-E64C-4BDF-8BB5-6FBFFF6D24E0}"
EndProject
Project("{FAE04EC0-301F-11D3-BF4B-00C04F79EFBC}") = "Azure.Queue.Consumer", "Azure.Queue.Consumer\Azure.Queue.Consumer.csproj", "{F66B19FF-B84F-4D42-A30F-EE2119E2E3CD}"
EndProject
Project("{FAE04EC0-301F-11D3-BF4B-00C04F79EFBC}") = "Services", "Services\Services.csproj", "{37BB38B3-A632-4E83-ADD6-732E25C39131}"
EndProject
Project("{FAE04EC0-301F-11D3-BF4B-00C04F79EFBC}") = "Azure.Table", "Azure.Table\Azure.Table.csproj", "{239E2B35-0FD0-47FC-8120-5C7CBF4DAB01}"
EndProject
Project("{2150E333-8FDC-42A3-9474-1A3956D46DE8}") = "01 - Azure Queue", "01 - Azure Queue", "{7CC85F27-1EDC-40A3-889C-3C9AA8A99764}"
EndProject
Project("{2150E333-8FDC-42A3-9474-1A3956D46DE8}") = "02 - Azure Table", "02 - Azure Table", "{B38A353E-3523-4F92-9669-F375C676FCA8}"
EndProject
Project("{FAE04EC0-301F-11D3-BF4B-00C04F79EFBC}") = "Azure.Queue.OtherTests", "Azure.Queue.OtherTests\Azure.Queue.OtherTests.csproj", "{42E6D165-F806-44EC-B928-24706BE85AA0}"
EndProject
Project("{2150E333-8FDC-42A3-9474-1A3956D46DE8}") = "01 - Producer and Consumer", "01 - Producer and Consumer", "{4912CDAC-602A-4217-8C5C-133079764EAC}"
EndProject
Project("{2150E333-8FDC-42A3-9474-1A3956D46DE8}") = "02 - Tests", "02 - Tests", "{FAE19B92-AB8A-4938-B765-4AFDEA80A50B}"
EndProject
Project("{2150E333-8FDC-42A3-9474-1A3956D46DE8}") = "03 - Common", "03 - Common", "{34E466DC-4502-4B54-ACC8-3A795A019700}"
EndProject
Project("{FAE04EC0-301F-11D3-BF4B-00C04F79EFBC}") = "Common", "Common\Common.csproj", "{BEECE6D8-4C21-4AF6-99C3-75C449D309B2}"
EndProject
Global
	GlobalSection(SolutionConfigurationPlatforms) = preSolution
		Debug|Any CPU = Debug|Any CPU
		Release|Any CPU = Release|Any CPU
	EndGlobalSection
	GlobalSection(ProjectConfigurationPlatforms) = postSolution
		{10634990-E64C-4BDF-8BB5-6FBFFF6D24E0}.Debug|Any CPU.ActiveCfg = Debug|Any CPU
		{10634990-E64C-4BDF-8BB5-6FBFFF6D24E0}.Debug|Any CPU.Build.0 = Debug|Any CPU
		{10634990-E64C-4BDF-8BB5-6FBFFF6D24E0}.Release|Any CPU.ActiveCfg = Release|Any CPU
		{10634990-E64C-4BDF-8BB5-6FBFFF6D24E0}.Release|Any CPU.Build.0 = Release|Any CPU
		{F66B19FF-B84F-4D42-A30F-EE2119E2E3CD}.Debug|Any CPU.ActiveCfg = Debug|Any CPU
		{F66B19FF-B84F-4D42-A30F-EE2119E2E3CD}.Debug|Any CPU.Build.0 = Debug|Any CPU
		{F66B19FF-B84F-4D42-A30F-EE2119E2E3CD}.Release|Any CPU.ActiveCfg = Release|Any CPU
		{F66B19FF-B84F-4D42-A30F-EE2119E2E3CD}.Release|Any CPU.Build.0 = Release|Any CPU
		{37BB38B3-A632-4E83-ADD6-732E25C39131}.Debug|Any CPU.ActiveCfg = Debug|Any CPU
		{37BB38B3-A632-4E83-ADD6-732E25C39131}.Debug|Any CPU.Build.0 = Debug|Any CPU
		{37BB38B3-A632-4E83-ADD6-732E25C39131}.Release|Any CPU.ActiveCfg = Release|Any CPU
		{37BB38B3-A632-4E83-ADD6-732E25C39131}.Release|Any CPU.Build.0 = Release|Any CPU
		{239E2B35-0FD0-47FC-8120-5C7CBF4DAB01}.Debug|Any CPU.ActiveCfg = Debug|Any CPU
		{239E2B35-0FD0-47FC-8120-5C7CBF4DAB01}.Debug|Any CPU.Build.0 = Debug|Any CPU
		{239E2B35-0FD0-47FC-8120-5C7CBF4DAB01}.Release|Any CPU.ActiveCfg = Release|Any CPU
		{239E2B35-0FD0-47FC-8120-5C7CBF4DAB01}.Release|Any CPU.Build.0 = Release|Any CPU
		{42E6D165-F806-44EC-B928-24706BE85AA0}.Debug|Any CPU.ActiveCfg = Debug|Any CPU
		{42E6D165-F806-44EC-B928-24706BE85AA0}.Debug|Any CPU.Build.0 = Debug|Any CPU
		{42E6D165-F806-44EC-B928-24706BE85AA0}.Release|Any CPU.ActiveCfg = Release|Any CPU
		{42E6D165-F806-44EC-B928-24706BE85AA0}.Release|Any CPU.Build.0 = Release|Any CPU
		{BEECE6D8-4C21-4AF6-99C3-75C449D309B2}.Debug|Any CPU.ActiveCfg = Debug|Any CPU
		{BEECE6D8-4C21-4AF6-99C3-75C449D309B2}.Debug|Any CPU.Build.0 = Debug|Any CPU
		{BEECE6D8-4C21-4AF6-99C3-75C449D309B2}.Release|Any CPU.ActiveCfg = Release|Any CPU
		{BEECE6D8-4C21-4AF6-99C3-75C449D309B2}.Release|Any CPU.Build.0 = Release|Any CPU
	EndGlobalSection
	GlobalSection(SolutionProperties) = preSolution
		HideSolutionNode = FALSE
	EndGlobalSection
	GlobalSection(NestedProjects) = preSolution
		{10634990-E64C-4BDF-8BB5-6FBFFF6D24E0} = {4912CDAC-602A-4217-8C5C-133079764EAC}
		{F66B19FF-B84F-4D42-A30F-EE2119E2E3CD} = {4912CDAC-602A-4217-8C5C-133079764EAC}
		{239E2B35-0FD0-47FC-8120-5C7CBF4DAB01} = {B38A353E-3523-4F92-9669-F375C676FCA8}
		{42E6D165-F806-44EC-B928-24706BE85AA0} = {FAE19B92-AB8A-4938-B765-4AFDEA80A50B}
		{4912CDAC-602A-4217-8C5C-133079764EAC} = {7CC85F27-1EDC-40A3-889C-3C9AA8A99764}
		{FAE19B92-AB8A-4938-B765-4AFDEA80A50B} = {7CC85F27-1EDC-40A3-889C-3C9AA8A99764}
		{BEECE6D8-4C21-4AF6-99C3-75C449D309B2} = {34E466DC-4502-4B54-ACC8-3A795A019700}
	EndGlobalSection
	GlobalSection(ExtensibilityGlobals) = postSolution
		SolutionGuid = {B6F6062D-D865-46A5-AA0C-84E71D8071D4}
	EndGlobalSection
EndGlobal
